{
  "originHash" : "6c54422893c2e55e30e672c545e07af9de54b8323d1d2b80f450c7627144b473",
  "pins" : [
    {
      "identity" : "launchkeeper",
      "kind" : "remoteSourceControl",
      "location" : "https://github.com/tietjen/launchkeeper",
      "state" : {
        "revision" : "6743e03e6ef751aa0b8d4c678352c7068eea46bd",
        "version" : "0.9.4"
      }
    },
    {
      "identity" : "swift-argument-parser",
      "kind" : "remoteSourceControl",
      "location" : "https://github.com/apple/swift-argument-parser",
      "state" : {
        "revision" : "6a52f3251125d74daf04fcbd5e6f08a75d074382",
        "version" : "1.8.2"
      }
    }
  ],
  "version" : 3
}
