{
  "originHash" : "272a4409e48dac1b157d2b9f4e4e276faa2410e9c63db3903cdf6de03e944b15",
  "pins" : [
    {
      "identity" : "launchkeeper",
      "kind" : "remoteSourceControl",
      "location" : "https://github.com/tietjen/launchkeeper",
      "state" : {
        "revision" : "1188f6dcb97fb064b32579e9bdb82611cbf611b7",
        "version" : "0.10.1"
      }
    },
    {
      "identity" : "swift-argument-parser",
      "kind" : "remoteSourceControl",
      "location" : "https://github.com/apple/swift-argument-parser",
      "state" : {
        "revision" : "6a52f3251125d74daf04fcbd5e6f08a75d074382",
        "version" : "1.8.2"
      }
    }
  ],
  "version" : 3
}
