{
  "originHash" : "38da40aec2c44c14646ffd49dbf8b6e13c626b5be23b7774230c23dc7d7b3be3",
  "pins" : [
    {
      "identity" : "launchkeeper",
      "kind" : "remoteSourceControl",
      "location" : "https://github.com/tietjen/launchkeeper",
      "state" : {
        "revision" : "e33cafc83855c9d09f7bc9196462f84a1f333c35",
        "version" : "0.10.0"
      }
    },
    {
      "identity" : "swift-argument-parser",
      "kind" : "remoteSourceControl",
      "location" : "https://github.com/apple/swift-argument-parser",
      "state" : {
        "revision" : "6a52f3251125d74daf04fcbd5e6f08a75d074382",
        "version" : "1.8.2"
      }
    }
  ],
  "version" : 3
}
